// !$*UTF8*$!
{
	archiveVersion = 1;
	classes = {
	};
	objectVersion = 46;
	objects = {

/* Begin PBXBuildFile section */
		762D851D15CCD65D00FAF876 /* main.cpp in Sources */ = {isa = PBXBuildFile; fileRef = 762D851C15CCD65D00FAF876 /* main.cpp */; };
		762D851F15CCD65D00FAF876 /* ElectroCraft_CPU_Tester.1 in CopyFiles */ = {isa = PBXBuildFile; fileRef = 762D851E15CCD65D00FAF876 /* ElectroCraft_CPU_Tester.1 */; };
		76D9EA2015CD9159007D64D2 /* libElectroCraftCPU.dylib in Frameworks */ = {isa = PBXBuildFile; fileRef = 76D9EA1F15CD9159007D64D2 /* libElectroCraftCPU.dylib */; };
/* End PBXBuildFile section */

/* Begin PBXCopyFilesBuildPhase section */
		762D851615CCD65D00FAF876 /* CopyFiles */ = {
			isa = PBXCopyFilesBuildPhase;
			buildActionMask = 2147483647;
			dstPath = /usr/share/man/man1/;
			dstSubfolderSpec = 0;
			files = (
				762D851F15CCD65D00FAF876 /* ElectroCraft_CPU_Tester.1 in CopyFiles */,
			);
			runOnlyForDeploymentPostprocessing = 1;
		};
/* End PBXCopyFilesBuildPhase section */

/* Begin PBXFileReference section */
		762D851815CCD65D00FAF876 /* ElectroCraft CPU Tester */ = {isa = PBXFileReference; explicitFileType = "compiled.mach-o.executable"; includeInIndex = 0; path = "ElectroCraft CPU Tester"; sourceTree = BUILT_PRODUCTS_DIR; };
		762D851C15CCD65D00FAF876 /* main.cpp */ = {isa = PBXFileReference; lastKnownFileType = sourcecode.cpp.cpp; path = main.cpp; sourceTree = "<group>"; };
		762D851E15CCD65D00FAF876 /* ElectroCraft_CPU_Tester.1 */ = {isa = PBXFileReference; lastKnownFileType = text.man; path = ElectroCraft_CPU_Tester.1; sourceTree = "<group>"; };
		7632B1A715D17C0200F3A3A7 /* ElectroCraft_CPU.h */ = {isa = PBXFileReference; lastKnownFileType = file; name = ElectroCraft_CPU.h; path = "../ElectroCraft CPU/ElectroCraft_CPU.h"; sourceTree = "<group>"; };
		7632B1A815D17C0200F3A3A7 /* ElectroCraftMemory.h */ = {isa = PBXFileReference; fileEncoding = 4; lastKnownFileType = file; name = ElectroCraftMemory.h; path = "../ElectroCraft CPU/ElectroCraftMemory.h"; sourceTree = "<group>"; };
		7632B1A915D17C0200F3A3A7 /* Utils.h */ = {isa = PBXFileReference; fileEncoding = 4; lastKnownFileType = file; name = Utils.h; path = "../ElectroCraft CPU/Utils.h"; sourceTree = "<group>"; };
		7632B1AA15D17C0200F3A3A7 /* ElectroCraftStack.h */ = {isa = PBXFileReference; fileEncoding = 4; lastKnownFileType = file; name = ElectroCraftStack.h; path = "../ElectroCraft CPU/ElectroCraftStack.h"; sourceTree = "<group>"; };
		7632B1AB15D17C0200F3A3A7 /* ElectroCraftVGA.h */ = {isa = PBXFileReference; fileEncoding = 4; lastKnownFileType = file; name = ElectroCraftVGA.h; path = "../ElectroCraft CPU/ElectroCraftVGA.h"; sourceTree = "<group>"; };
		7632B1AC15D17C0200F3A3A7 /* MemoryMappedIODevice.h */ = {isa = PBXFileReference; lastKnownFileType = file; name = MemoryMappedIODevice.h; path = "../ElectroCraft CPU/MemoryMappedIODevice.h"; sourceTree = "<group>"; };
		7632B1AD15D17C0200F3A3A7 /* ElectroCraftClock.h */ = {isa = PBXFileReference; fileEncoding = 4; lastKnownFileType = file; name = ElectroCraftClock.h; path = "../ElectroCraft CPU/ElectroCraftClock.h"; sourceTree = "<group>"; };
		7632B1AE15D17C0200F3A3A7 /* ElectroCraftTickable.h */ = {isa = PBXFileReference; fileEncoding = 4; lastKnownFileType = file; name = ElectroCraftTickable.h; path = "../ElectroCraft CPU/ElectroCraftTickable.h"; sourceTree = "<group>"; };
		7632B1AF15D17C0200F3A3A7 /* ElectroCraftTerminal.h */ = {isa = PBXFileReference; fileEncoding = 4; lastKnownFileType = file; name = ElectroCraftTerminal.h; path = "../ElectroCraft CPU/ElectroCraftTerminal.h"; sourceTree = "<group>"; };
		76D9EA1F15CD9159007D64D2 /* libElectroCraftCPU.dylib */ = {isa = PBXFileReference; explicitFileType = "compiled.mach-o.dylib"; name = libElectroCraftCPU.dylib; path = "/Users/andrewquerol/Library/Developer/Xcode/DerivedData/ElectroCraft-guaylzedwvqakeawhhiueqkiaznb/Build/Products/Debug/libElectroCraftCPU.dylib"; sourceTree = "<absolute>"; };
/* End PBXFileReference section */

/* Begin PBXFrameworksBuildPhase section */
		762D851515CCD65D00FAF876 /* Frameworks */ = {
			isa = PBXFrameworksBuildPhase;
			buildActionMask = 2147483647;
			files = (
				76D9EA2015CD9159007D64D2 /* libElectroCraftCPU.dylib in Frameworks */,
			);
			runOnlyForDeploymentPostprocessing = 0;
		};
/* End PBXFrameworksBuildPhase section */

/* Begin PBXGroup section */
		762D850D15CCD65D00FAF876 = {
			isa = PBXGroup;
			children = (
				7632B1A715D17C0200F3A3A7 /* ElectroCraft_CPU.h */,
				7632B1A815D17C0200F3A3A7 /* ElectroCraftMemory.h */,
				7632B1A915D17C0200F3A3A7 /* Utils.h */,
				7632B1AA15D17C0200F3A3A7 /* ElectroCraftStack.h */,
				7632B1AB15D17C0200F3A3A7 /* ElectroCraftVGA.h */,
				7632B1AC15D17C0200F3A3A7 /* MemoryMappedIODevice.h */,
				7632B1AD15D17C0200F3A3A7 /* ElectroCraftClock.h */,
				7632B1AE15D17C0200F3A3A7 /* ElectroCraftTickable.h */,
				7632B1AF15D17C0200F3A3A7 /* ElectroCraftTerminal.h */,
				76D9EA1F15CD9159007D64D2 /* libElectroCraftCPU.dylib */,
				762D851B15CCD65D00FAF876 /* ElectroCraft CPU Tester */,
				762D851915CCD65D00FAF876 /* Products */,
			);
			sourceTree = "<group>";
		};
		762D851915CCD65D00FAF876 /* Products */ = {
			isa = PBXGroup;
			children = (
				762D851815CCD65D00FAF876 /* ElectroCraft CPU Tester */,
			);
			name = Products;
			sourceTree = "<group>";
		};
		762D851B15CCD65D00FAF876 /* ElectroCraft CPU Tester */ = {
			isa = PBXGroup;
			children = (
				762D851C15CCD65D00FAF876 /* main.cpp */,
				762D851E15CCD65D00FAF876 /* ElectroCraft_CPU_Tester.1 */,
			);
			path = "ElectroCraft CPU Tester";
			sourceTree = "<group>";
		};
/* End PBXGroup section */

/* Begin PBXNativeTarget section */
		762D851715CCD65D00FAF876 /* ElectroCraft CPU Tester */ = {
			isa = PBXNativeTarget;
			buildConfigurationList = 762D852215CCD65D00FAF876 /* Build configuration list for PBXNativeTarget "ElectroCraft CPU Tester" */;
			buildPhases = (
				762D851415CCD65D00FAF876 /* Sources */,
				762D851515CCD65D00FAF876 /* Frameworks */,
				762D851615CCD65D00FAF876 /* CopyFiles */,
			);
			buildRules = (
			);
			dependencies = (
			);
			name = "ElectroCraft CPU Tester";
			productName = "ElectroCraft CPU Tester";
			productReference = 762D851815CCD65D00FAF876 /* ElectroCraft CPU Tester */;
			productType = "com.apple.product-type.tool";
		};
/* End PBXNativeTarget section */

/* Begin PBXProject section */
		762D850F15CCD65D00FAF876 /* Project object */ = {
			isa = PBXProject;
			attributes = {
				LastUpgradeCheck = 0450;
				ORGANIZATIONNAME = "Cerios Software";
			};
			buildConfigurationList = 762D851215CCD65D00FAF876 /* Build configuration list for PBXProject "ElectroCraft CPU Tester" */;
			compatibilityVersion = "Xcode 3.2";
			developmentRegion = English;
			hasScannedForEncodings = 0;
			knownRegions = (
				en,
			);
			mainGroup = 762D850D15CCD65D00FAF876;
			productRefGroup = 762D851915CCD65D00FAF876 /* Products */;
			projectDirPath = "";
			projectRoot = "";
			targets = (
				762D851715CCD65D00FAF876 /* ElectroCraft CPU Tester */,
			);
		};
/* End PBXProject section */

/* Begin PBXSourcesBuildPhase section */
		762D851415CCD65D00FAF876 /* Sources */ = {
			isa = PBXSourcesBuildPhase;
			buildActionMask = 2147483647;
			files = (
				762D851D15CCD65D00FAF876 /* main.cpp in Sources */,
			);
			runOnlyForDeploymentPostprocessing = 0;
		};
/* End PBXSourcesBuildPhase section */

/* Begin XCBuildConfiguration section */
		762D852015CCD65D00FAF876 /* Debug */ = {
			isa = XCBuildConfiguration;
			buildSettings = {
				ALWAYS_SEARCH_USER_PATHS = NO;
				ARCHS = "$(ARCHS_STANDARD_64_BIT)";
				CLANG_CXX_LANGUAGE_STANDARD = "gnu++0x";
				CLANG_WARN__DUPLICATE_METHOD_MATCH = YES;
				COPY_PHASE_STRIP = NO;
				GCC_C_LANGUAGE_STANDARD = gnu99;
				GCC_DYNAMIC_NO_PIC = NO;
				GCC_ENABLE_OBJC_EXCEPTIONS = YES;
				GCC_OPTIMIZATION_LEVEL = 0;
				GCC_PREPROCESSOR_DEFINITIONS = (
					"DEBUG=1",
					"$(inherited)",
				);
				GCC_SYMBOLS_PRIVATE_EXTERN = NO;
				GCC_WARN_64_TO_32_BIT_CONVERSION = YES;
				GCC_WARN_ABOUT_RETURN_TYPE = YES;
				GCC_WARN_UNINITIALIZED_AUTOS = YES;
				GCC_WARN_UNUSED_VARIABLE = YES;
				MACOSX_DEPLOYMENT_TARGET = 10.8;
				ONLY_ACTIVE_ARCH = YES;
				SDKROOT = macosx;
			};
			name = Debug;
		};
		762D852115CCD65D00FAF876 /* Release */ = {
			isa = XCBuildConfiguration;
			buildSettings = {
				ALWAYS_SEARCH_USER_PATHS = NO;
				ARCHS = "$(ARCHS_STANDARD_64_BIT)";
				CLANG_CXX_LANGUAGE_STANDARD = "gnu++0x";
				CLANG_WARN__DUPLICATE_METHOD_MATCH = YES;
				COPY_PHASE_STRIP = YES;
				DEBUG_INFORMATION_FORMAT = "dwarf-with-dsym";
				GCC_C_LANGUAGE_STANDARD = gnu99;
				GCC_ENABLE_OBJC_EXCEPTIONS = YES;
				GCC_WARN_64_TO_32_BIT_CONVERSION = YES;
				GCC_WARN_ABOUT_RETURN_TYPE = YES;
				GCC_WARN_UNINITIALIZED_AUTOS = YES;
				GCC_WARN_UNUSED_VARIABLE = YES;
				MACOSX_DEPLOYMENT_TARGET = 10.8;
				SDKROOT = macosx;
			};
			name = Release;
		};
		762D852315CCD65D00FAF876 /* Debug */ = {
			isa = XCBuildConfiguration;
			buildSettings = {
				CLANG_CXX_LIBRARY = "libc++";
				LIBRARY_SEARCH_PATHS = (
					"$(inherited)",
					"\"$(SRCROOT)\"",
					"\"$(SRCROOT)/../../../Library/Developer/Xcode/DerivedData/ElectroCraft-guaylzedwvqakeawhhiueqkiaznb/Build/Products/Debug\"",
				);
				PRODUCT_NAME = "$(TARGET_NAME)";
			};
			name = Debug;
		};
		762D852415CCD65D00FAF876 /* Release */ = {
			isa = XCBuildConfiguration;
			buildSettings = {
				CLANG_CXX_LIBRARY = "libc++";
				LIBRARY_SEARCH_PATHS = (
					"$(inherited)",
					"\"$(SRCROOT)\"",
					"\"$(SRCROOT)/../../../Library/Developer/Xcode/DerivedData/ElectroCraft-guaylzedwvqakeawhhiueqkiaznb/Build/Products/Debug\"",
				);
				PRODUCT_NAME = "$(TARGET_NAME)";
			};
			name = Release;
		};
/* End XCBuildConfiguration section */

/* Begin XCConfigurationList section */
		762D851215CCD65D00FAF876 /* Build configuration list for PBXProject "ElectroCraft CPU Tester" */ = {
			isa = XCConfigurationList;
			buildConfigurations = (
				762D852015CCD65D00FAF876 /* Debug */,
				762D852115CCD65D00FAF876 /* Release */,
			);
			defaultConfigurationIsVisible = 0;
			defaultConfigurationName = Release;
		};
		762D852215CCD65D00FAF876 /* Build configuration list for PBXNativeTarget "ElectroCraft CPU Tester" */ = {
			isa = XCConfigurationList;
			buildConfigurations = (
				762D852315CCD65D00FAF876 /* Debug */,
				762D852415CCD65D00FAF876 /* Release */,
			);
			defaultConfigurationIsVisible = 0;
			defaultConfigurationName = Release;
		};
/* End XCConfigurationList section */
	};
	rootObject = 762D850F15CCD65D00FAF876 /* Project object */;
}
