// !$*UTF8*$!
{
	archiveVersion = 1;
	classes = {
	};
	objectVersion = 46;
	objects = {

/* Begin PBXBuildFile section */
		762D853A15CCD8AD00FAF876 /* ElectroCraft_CPU.cpp in Sources */ = {isa = PBXBuildFile; fileRef = 762D84CD15CC1AF100FAF876 /* ElectroCraft_CPU.cpp */; };
		762D853B15CCD8AD00FAF876 /* ElectroCraftMemory.cpp in Sources */ = {isa = PBXBuildFile; fileRef = 762D84D615CC279300FAF876 /* ElectroCraftMemory.cpp */; };
		762D853C15CCD8AD00FAF876 /* Utils.cpp in Sources */ = {isa = PBXBuildFile; fileRef = 762D84DA15CC2B5800FAF876 /* Utils.cpp */; };
		7632B19915D162FC00F3A3A7 /* ElectroCraftTerminal.cpp in Sources */ = {isa = PBXBuildFile; fileRef = 7632B19715D162FC00F3A3A7 /* ElectroCraftTerminal.cpp */; };
		7632B19A15D162FC00F3A3A7 /* ElectroCraftTerminal.h in Headers */ = {isa = PBXBuildFile; fileRef = 7632B19815D162FC00F3A3A7 /* ElectroCraftTerminal.h */; };
		7632B1A515D176EB00F3A3A7 /* info_cerios_electrocraft_core_computer_XECTerminal.h in Headers */ = {isa = PBXBuildFile; fileRef = 7632B1A415D176EB00F3A3A7 /* info_cerios_electrocraft_core_computer_XECTerminal.h */; };
		766CAF7E15D2A94E00EF08A4 /* ElectroCraftStorage.cpp in Sources */ = {isa = PBXBuildFile; fileRef = 766CAF7C15D2A94E00EF08A4 /* ElectroCraftStorage.cpp */; };
		766CAF7F15D2A94E00EF08A4 /* ElectroCraftStorage.h in Headers */ = {isa = PBXBuildFile; fileRef = 766CAF7D15D2A94E00EF08A4 /* ElectroCraftStorage.h */; };
		766CAF8315D2B40D00EF08A4 /* IOPortHandler.cpp in Sources */ = {isa = PBXBuildFile; fileRef = 766CAF8115D2B40D00EF08A4 /* IOPortHandler.cpp */; };
		766CAF8415D2B40D00EF08A4 /* IOPortHandler.h in Headers */ = {isa = PBXBuildFile; fileRef = 766CAF8215D2B40D00EF08A4 /* IOPortHandler.h */; };
		766CAF8815D2B43F00EF08A4 /* IOPortDevice.h in Headers */ = {isa = PBXBuildFile; fileRef = 766CAF8615D2B43F00EF08A4 /* IOPortDevice.h */; };
		766CAF8B15D2D72500EF08A4 /* ElectroCraftKeyboard.cpp in Sources */ = {isa = PBXBuildFile; fileRef = 766CAF8915D2D72500EF08A4 /* ElectroCraftKeyboard.cpp */; };
		766CAF8C15D2D72500EF08A4 /* ElectroCraftKeyboard.h in Headers */ = {isa = PBXBuildFile; fileRef = 766CAF8A15D2D72500EF08A4 /* ElectroCraftKeyboard.h */; };
		766CAF8E15D2DA8800EF08A4 /* info_cerios_electrocraft_core_computer_XECKeyboard.h in Headers */ = {isa = PBXBuildFile; fileRef = 766CAF8D15D2DA8800EF08A4 /* info_cerios_electrocraft_core_computer_XECKeyboard.h */; };
		768BD50215CEF1CA00AD9E16 /* info_cerios_electrocraft_core_computer_XECInterface.h in Headers */ = {isa = PBXBuildFile; fileRef = 768BD4FF15CEF1CA00AD9E16 /* info_cerios_electrocraft_core_computer_XECInterface.h */; };
		768BD50415CEF1CA00AD9E16 /* info_cerios_electrocraft_core_computer_XECInterface_AssembledData.h in Headers */ = {isa = PBXBuildFile; fileRef = 768BD50115CEF1CA00AD9E16 /* info_cerios_electrocraft_core_computer_XECInterface_AssembledData.h */; };
		768BD50815CEF1F500AD9E16 /* JNIInterface.cpp in Sources */ = {isa = PBXBuildFile; fileRef = 768BD50615CEF1F500AD9E16 /* JNIInterface.cpp */; };
		768BD50C15CF19F000AD9E16 /* ElectroCraftVGA.cpp in Sources */ = {isa = PBXBuildFile; fileRef = 768BD50A15CF19F000AD9E16 /* ElectroCraftVGA.cpp */; };
		768BD50D15CF19F000AD9E16 /* ElectroCraftVGA.h in Headers */ = {isa = PBXBuildFile; fileRef = 768BD50B15CF19F000AD9E16 /* ElectroCraftVGA.h */; };
		768BD51115CF20F900AD9E16 /* ElectroCraftClock.cpp in Sources */ = {isa = PBXBuildFile; fileRef = 768BD50F15CF20F900AD9E16 /* ElectroCraftClock.cpp */; };
		768BD51215CF20F900AD9E16 /* ElectroCraftClock.h in Headers */ = {isa = PBXBuildFile; fileRef = 768BD51015CF20F900AD9E16 /* ElectroCraftClock.h */; };
		768BD51615CF212A00AD9E16 /* ElectroCraftTickable.h in Headers */ = {isa = PBXBuildFile; fileRef = 768BD51415CF212A00AD9E16 /* ElectroCraftTickable.h */; };
		768BD51815CF602D00AD9E16 /* info_cerios_electrocraft_core_computer_XECVGACard.h in Headers */ = {isa = PBXBuildFile; fileRef = 768BD51715CF602D00AD9E16 /* info_cerios_electrocraft_core_computer_XECVGACard.h */; };
		76D9EA1515CD7EDA007D64D2 /* ElectroCraftStack.cpp in Sources */ = {isa = PBXBuildFile; fileRef = 76D9EA1315CD7EDA007D64D2 /* ElectroCraftStack.cpp */; };
		76D9EA1615CD7EDA007D64D2 /* ElectroCraftStack.h in Headers */ = {isa = PBXBuildFile; fileRef = 76D9EA1415CD7EDA007D64D2 /* ElectroCraftStack.h */; };
/* End PBXBuildFile section */

/* Begin PBXFileReference section */
		762D84C915CC1AF100FAF876 /* ElectroCraft_CPUProj.xcconfig */ = {isa = PBXFileReference; lastKnownFileType = text.xcconfig; path = ElectroCraft_CPUProj.xcconfig; sourceTree = "<group>"; };
		762D84CA15CC1AF100FAF876 /* ElectroCraft_CPUTarget.xcconfig */ = {isa = PBXFileReference; lastKnownFileType = text.xcconfig; path = ElectroCraft_CPUTarget.xcconfig; sourceTree = "<group>"; };
		762D84CB15CC1AF100FAF876 /* ElectroCraft_CPU.h */ = {isa = PBXFileReference; lastKnownFileType = sourcecode.c.h; path = ElectroCraft_CPU.h; sourceTree = "<group>"; };
		762D84CD15CC1AF100FAF876 /* ElectroCraft_CPU.cpp */ = {isa = PBXFileReference; lastKnownFileType = sourcecode.cpp.cpp; path = ElectroCraft_CPU.cpp; sourceTree = "<group>"; };
		762D84D615CC279300FAF876 /* ElectroCraftMemory.cpp */ = {isa = PBXFileReference; fileEncoding = 4; lastKnownFileType = sourcecode.cpp.cpp; path = ElectroCraftMemory.cpp; sourceTree = "<group>"; };
		762D84D715CC279300FAF876 /* ElectroCraftMemory.h */ = {isa = PBXFileReference; fileEncoding = 4; lastKnownFileType = sourcecode.c.h; path = ElectroCraftMemory.h; sourceTree = "<group>"; };
		762D84DA15CC2B5800FAF876 /* Utils.cpp */ = {isa = PBXFileReference; fileEncoding = 4; lastKnownFileType = sourcecode.cpp.cpp; path = Utils.cpp; sourceTree = "<group>"; };
		762D84DB15CC2B5800FAF876 /* Utils.h */ = {isa = PBXFileReference; fileEncoding = 4; lastKnownFileType = sourcecode.c.h; path = Utils.h; sourceTree = "<group>"; };
		762D853615CCD89A00FAF876 /* libElectroCraftCPU.dylib */ = {isa = PBXFileReference; explicitFileType = "compiled.mach-o.dylib"; includeInIndex = 0; path = libElectroCraftCPU.dylib; sourceTree = BUILT_PRODUCTS_DIR; };
		7632B19715D162FC00F3A3A7 /* ElectroCraftTerminal.cpp */ = {isa = PBXFileReference; fileEncoding = 4; lastKnownFileType = sourcecode.cpp.cpp; path = ElectroCraftTerminal.cpp; sourceTree = "<group>"; };
		7632B19815D162FC00F3A3A7 /* ElectroCraftTerminal.h */ = {isa = PBXFileReference; fileEncoding = 4; lastKnownFileType = sourcecode.c.h; path = ElectroCraftTerminal.h; sourceTree = "<group>"; };
		7632B1A415D176EB00F3A3A7 /* info_cerios_electrocraft_core_computer_XECTerminal.h */ = {isa = PBXFileReference; fileEncoding = 4; lastKnownFileType = sourcecode.c.h; path = info_cerios_electrocraft_core_computer_XECTerminal.h; sourceTree = "<group>"; };
		766CAF7C15D2A94E00EF08A4 /* ElectroCraftStorage.cpp */ = {isa = PBXFileReference; fileEncoding = 4; lastKnownFileType = sourcecode.cpp.cpp; path = ElectroCraftStorage.cpp; sourceTree = "<group>"; };
		766CAF7D15D2A94E00EF08A4 /* ElectroCraftStorage.h */ = {isa = PBXFileReference; fileEncoding = 4; lastKnownFileType = sourcecode.c.h; path = ElectroCraftStorage.h; sourceTree = "<group>"; };
		766CAF8115D2B40D00EF08A4 /* IOPortHandler.cpp */ = {isa = PBXFileReference; fileEncoding = 4; lastKnownFileType = sourcecode.cpp.cpp; path = IOPortHandler.cpp; sourceTree = "<group>"; };
		766CAF8215D2B40D00EF08A4 /* IOPortHandler.h */ = {isa = PBXFileReference; fileEncoding = 4; lastKnownFileType = sourcecode.c.h; path = IOPortHandler.h; sourceTree = "<group>"; };
		766CAF8615D2B43F00EF08A4 /* IOPortDevice.h */ = {isa = PBXFileReference; fileEncoding = 4; lastKnownFileType = sourcecode.c.h; path = IOPortDevice.h; sourceTree = "<group>"; };
		766CAF8915D2D72500EF08A4 /* ElectroCraftKeyboard.cpp */ = {isa = PBXFileReference; fileEncoding = 4; lastKnownFileType = sourcecode.cpp.cpp; path = ElectroCraftKeyboard.cpp; sourceTree = "<group>"; };
		766CAF8A15D2D72500EF08A4 /* ElectroCraftKeyboard.h */ = {isa = PBXFileReference; fileEncoding = 4; lastKnownFileType = sourcecode.c.h; path = ElectroCraftKeyboard.h; sourceTree = "<group>"; };
		766CAF8D15D2DA8800EF08A4 /* info_cerios_electrocraft_core_computer_XECKeyboard.h */ = {isa = PBXFileReference; fileEncoding = 4; lastKnownFileType = sourcecode.c.h; path = info_cerios_electrocraft_core_computer_XECKeyboard.h; sourceTree = "<group>"; };
		768BD4FF15CEF1CA00AD9E16 /* info_cerios_electrocraft_core_computer_XECInterface.h */ = {isa = PBXFileReference; fileEncoding = 4; lastKnownFileType = sourcecode.c.h; path = info_cerios_electrocraft_core_computer_XECInterface.h; sourceTree = "<group>"; };
		768BD50115CEF1CA00AD9E16 /* info_cerios_electrocraft_core_computer_XECInterface_AssembledData.h */ = {isa = PBXFileReference; fileEncoding = 4; lastKnownFileType = sourcecode.c.h; path = info_cerios_electrocraft_core_computer_XECInterface_AssembledData.h; sourceTree = "<group>"; };
		768BD50615CEF1F500AD9E16 /* JNIInterface.cpp */ = {isa = PBXFileReference; fileEncoding = 4; lastKnownFileType = sourcecode.cpp.cpp; path = JNIInterface.cpp; sourceTree = "<group>"; };
		768BD50A15CF19F000AD9E16 /* ElectroCraftVGA.cpp */ = {isa = PBXFileReference; fileEncoding = 4; lastKnownFileType = sourcecode.cpp.cpp; path = ElectroCraftVGA.cpp; sourceTree = "<group>"; };
		768BD50B15CF19F000AD9E16 /* ElectroCraftVGA.h */ = {isa = PBXFileReference; fileEncoding = 4; lastKnownFileType = sourcecode.c.h; path = ElectroCraftVGA.h; sourceTree = "<group>"; };
		768BD50E15CF1E2200AD9E16 /* MemoryMappedIODevice.h */ = {isa = PBXFileReference; lastKnownFileType = sourcecode.c.h; path = MemoryMappedIODevice.h; sourceTree = "<group>"; };
		768BD50F15CF20F900AD9E16 /* ElectroCraftClock.cpp */ = {isa = PBXFileReference; fileEncoding = 4; lastKnownFileType = sourcecode.cpp.cpp; path = ElectroCraftClock.cpp; sourceTree = "<group>"; };
		768BD51015CF20F900AD9E16 /* ElectroCraftClock.h */ = {isa = PBXFileReference; fileEncoding = 4; lastKnownFileType = sourcecode.c.h; path = ElectroCraftClock.h; sourceTree = "<group>"; };
		768BD51415CF212A00AD9E16 /* ElectroCraftTickable.h */ = {isa = PBXFileReference; fileEncoding = 4; lastKnownFileType = sourcecode.c.h; path = ElectroCraftTickable.h; sourceTree = "<group>"; };
		768BD51715CF602D00AD9E16 /* info_cerios_electrocraft_core_computer_XECVGACard.h */ = {isa = PBXFileReference; fileEncoding = 4; lastKnownFileType = sourcecode.c.h; path = info_cerios_electrocraft_core_computer_XECVGACard.h; sourceTree = "<group>"; };
		76D9EA1315CD7EDA007D64D2 /* ElectroCraftStack.cpp */ = {isa = PBXFileReference; fileEncoding = 4; lastKnownFileType = sourcecode.cpp.cpp; path = ElectroCraftStack.cpp; sourceTree = "<group>"; };
		76D9EA1415CD7EDA007D64D2 /* ElectroCraftStack.h */ = {isa = PBXFileReference; fileEncoding = 4; lastKnownFileType = sourcecode.c.h; path = ElectroCraftStack.h; sourceTree = "<group>"; };
/* End PBXFileReference section */

/* Begin PBXFrameworksBuildPhase section */
		762D853315CCD89A00FAF876 /* Frameworks */ = {
			isa = PBXFrameworksBuildPhase;
			buildActionMask = 2147483647;
			files = (
			);
			runOnlyForDeploymentPostprocessing = 0;
		};
/* End PBXFrameworksBuildPhase section */

/* Begin PBXGroup section */
		762D84B915CC1AF100FAF876 = {
			isa = PBXGroup;
			children = (
				768BD4FE15CEF1CA00AD9E16 /* JNI */,
				762D84C615CC1AF100FAF876 /* ElectroCraft CPU */,
				762D853615CCD89A00FAF876 /* libElectroCraftCPU.dylib */,
			);
			sourceTree = "<group>";
		};
		762D84C615CC1AF100FAF876 /* ElectroCraft CPU */ = {
			isa = PBXGroup;
			children = (
				762D84C915CC1AF100FAF876 /* ElectroCraft_CPUProj.xcconfig */,
				762D84CA15CC1AF100FAF876 /* ElectroCraft_CPUTarget.xcconfig */,
				762D84CB15CC1AF100FAF876 /* ElectroCraft_CPU.h */,
				762D84CD15CC1AF100FAF876 /* ElectroCraft_CPU.cpp */,
				762D84D715CC279300FAF876 /* ElectroCraftMemory.h */,
				762D84D615CC279300FAF876 /* ElectroCraftMemory.cpp */,
				762D84DB15CC2B5800FAF876 /* Utils.h */,
				762D84DA15CC2B5800FAF876 /* Utils.cpp */,
				76D9EA1315CD7EDA007D64D2 /* ElectroCraftStack.cpp */,
				76D9EA1415CD7EDA007D64D2 /* ElectroCraftStack.h */,
				768BD50A15CF19F000AD9E16 /* ElectroCraftVGA.cpp */,
				768BD50B15CF19F000AD9E16 /* ElectroCraftVGA.h */,
				768BD50E15CF1E2200AD9E16 /* MemoryMappedIODevice.h */,
				768BD50F15CF20F900AD9E16 /* ElectroCraftClock.cpp */,
				768BD51015CF20F900AD9E16 /* ElectroCraftClock.h */,
				768BD51415CF212A00AD9E16 /* ElectroCraftTickable.h */,
				7632B19715D162FC00F3A3A7 /* ElectroCraftTerminal.cpp */,
				7632B19815D162FC00F3A3A7 /* ElectroCraftTerminal.h */,
				766CAF7C15D2A94E00EF08A4 /* ElectroCraftStorage.cpp */,
				766CAF7D15D2A94E00EF08A4 /* ElectroCraftStorage.h */,
				766CAF8115D2B40D00EF08A4 /* IOPortHandler.cpp */,
				766CAF8215D2B40D00EF08A4 /* IOPortHandler.h */,
				766CAF8615D2B43F00EF08A4 /* IOPortDevice.h */,
				766CAF8915D2D72500EF08A4 /* ElectroCraftKeyboard.cpp */,
				766CAF8A15D2D72500EF08A4 /* ElectroCraftKeyboard.h */,
			);
			path = "ElectroCraft CPU";
			sourceTree = "<group>";
		};
		768BD4FE15CEF1CA00AD9E16 /* JNI */ = {
			isa = PBXGroup;
			children = (
				766CAF8D15D2DA8800EF08A4 /* info_cerios_electrocraft_core_computer_XECKeyboard.h */,
				7632B1A415D176EB00F3A3A7 /* info_cerios_electrocraft_core_computer_XECTerminal.h */,
				768BD51715CF602D00AD9E16 /* info_cerios_electrocraft_core_computer_XECVGACard.h */,
				768BD4FF15CEF1CA00AD9E16 /* info_cerios_electrocraft_core_computer_XECInterface.h */,
				768BD50115CEF1CA00AD9E16 /* info_cerios_electrocraft_core_computer_XECInterface_AssembledData.h */,
				768BD50615CEF1F500AD9E16 /* JNIInterface.cpp */,
			);
			name = JNI;
			path = "ElectroCraft CPU/JNI";
			sourceTree = "<group>";
		};
/* End PBXGroup section */

/* Begin PBXHeadersBuildPhase section */
		762D853415CCD89A00FAF876 /* Headers */ = {
			isa = PBXHeadersBuildPhase;
			buildActionMask = 2147483647;
			files = (
				76D9EA1615CD7EDA007D64D2 /* ElectroCraftStack.h in Headers */,
				768BD50215CEF1CA00AD9E16 /* info_cerios_electrocraft_core_computer_XECInterface.h in Headers */,
				768BD50415CEF1CA00AD9E16 /* info_cerios_electrocraft_core_computer_XECInterface_AssembledData.h in Headers */,
				768BD50D15CF19F000AD9E16 /* ElectroCraftVGA.h in Headers */,
				768BD51215CF20F900AD9E16 /* ElectroCraftClock.h in Headers */,
				768BD51615CF212A00AD9E16 /* ElectroCraftTickable.h in Headers */,
				768BD51815CF602D00AD9E16 /* info_cerios_electrocraft_core_computer_XECVGACard.h in Headers */,
				7632B19A15D162FC00F3A3A7 /* ElectroCraftTerminal.h in Headers */,
				7632B1A515D176EB00F3A3A7 /* info_cerios_electrocraft_core_computer_XECTerminal.h in Headers */,
				766CAF7F15D2A94E00EF08A4 /* ElectroCraftStorage.h in Headers */,
				766CAF8415D2B40D00EF08A4 /* IOPortHandler.h in Headers */,
				766CAF8815D2B43F00EF08A4 /* IOPortDevice.h in Headers */,
				766CAF8C15D2D72500EF08A4 /* ElectroCraftKeyboard.h in Headers */,
				766CAF8E15D2DA8800EF08A4 /* info_cerios_electrocraft_core_computer_XECKeyboard.h in Headers */,
			);
			runOnlyForDeploymentPostprocessing = 0;
		};
/* End PBXHeadersBuildPhase section */

/* Begin PBXNativeTarget section */
		762D853515CCD89A00FAF876 /* ElectroCraftCPU */ = {
			isa = PBXNativeTarget;
			buildConfigurationList = 762D853715CCD89A00FAF876 /* Build configuration list for PBXNativeTarget "ElectroCraftCPU" */;
			buildPhases = (
				762D853215CCD89A00FAF876 /* Sources */,
				762D853315CCD89A00FAF876 /* Frameworks */,
				762D853415CCD89A00FAF876 /* Headers */,
			);
			buildRules = (
			);
			dependencies = (
			);
			name = ElectroCraftCPU;
			productName = ElectroCraftCPU;
			productReference = 762D853615CCD89A00FAF876 /* libElectroCraftCPU.dylib */;
			productType = "com.apple.product-type.library.dynamic";
		};
/* End PBXNativeTarget section */

/* Begin PBXProject section */
		762D84BB15CC1AF100FAF876 /* Project object */ = {
			isa = PBXProject;
			attributes = {
				LastUpgradeCheck = 0450;
				ORGANIZATIONNAME = "Cerios Software";
			};
			buildConfigurationList = 762D84BE15CC1AF100FAF876 /* Build configuration list for PBXProject "ElectroCraft CPU" */;
			compatibilityVersion = "Xcode 3.2";
			developmentRegion = English;
			hasScannedForEncodings = 0;
			knownRegions = (
				en,
			);
			mainGroup = 762D84B915CC1AF100FAF876;
			productRefGroup = 762D84B915CC1AF100FAF876;
			projectDirPath = "";
			projectRoot = "";
			targets = (
				762D853515CCD89A00FAF876 /* ElectroCraftCPU */,
			);
		};
/* End PBXProject section */

/* Begin PBXSourcesBuildPhase section */
		762D853215CCD89A00FAF876 /* Sources */ = {
			isa = PBXSourcesBuildPhase;
			buildActionMask = 2147483647;
			files = (
				762D853A15CCD8AD00FAF876 /* ElectroCraft_CPU.cpp in Sources */,
				762D853B15CCD8AD00FAF876 /* ElectroCraftMemory.cpp in Sources */,
				762D853C15CCD8AD00FAF876 /* Utils.cpp in Sources */,
				76D9EA1515CD7EDA007D64D2 /* ElectroCraftStack.cpp in Sources */,
				768BD50815CEF1F500AD9E16 /* JNIInterface.cpp in Sources */,
				768BD50C15CF19F000AD9E16 /* ElectroCraftVGA.cpp in Sources */,
				768BD51115CF20F900AD9E16 /* ElectroCraftClock.cpp in Sources */,
				7632B19915D162FC00F3A3A7 /* ElectroCraftTerminal.cpp in Sources */,
				766CAF7E15D2A94E00EF08A4 /* ElectroCraftStorage.cpp in Sources */,
				766CAF8315D2B40D00EF08A4 /* IOPortHandler.cpp in Sources */,
				766CAF8B15D2D72500EF08A4 /* ElectroCraftKeyboard.cpp in Sources */,
			);
			runOnlyForDeploymentPostprocessing = 0;
		};
/* End PBXSourcesBuildPhase section */

/* Begin XCBuildConfiguration section */
		762D84CF15CC1AF100FAF876 /* Debug */ = {
			isa = XCBuildConfiguration;
			buildSettings = {
				ALWAYS_SEARCH_USER_PATHS = NO;
				ARCHS = "$(ARCHS_STANDARD_64_BIT)";
				CLANG_CXX_LANGUAGE_STANDARD = "gnu++0x";
				CLANG_CXX_LIBRARY = "libc++";
				CLANG_WARN__DUPLICATE_METHOD_MATCH = YES;
				COPY_PHASE_STRIP = NO;
				GCC_C_LANGUAGE_STANDARD = gnu99;
				GCC_DYNAMIC_NO_PIC = NO;
				GCC_ENABLE_OBJC_EXCEPTIONS = YES;
				GCC_OPTIMIZATION_LEVEL = 0;
				GCC_PREPROCESSOR_DEFINITIONS = (
					"DEBUG=1",
					"$(inherited)",
				);
				GCC_SYMBOLS_PRIVATE_EXTERN = NO;
				GCC_VERSION = com.apple.compilers.llvm.clang.1_0;
				GCC_WARN_64_TO_32_BIT_CONVERSION = YES;
				GCC_WARN_ABOUT_RETURN_TYPE = YES;
				GCC_WARN_UNINITIALIZED_AUTOS = YES;
				GCC_WARN_UNUSED_VARIABLE = YES;
				HEADER_SEARCH_PATHS = "/Library/Java/JavaVirtualMachines/1.7.0.jdk/Contents/Home/include/**";
				MACOSX_DEPLOYMENT_TARGET = 10.8;
				ONLY_ACTIVE_ARCH = YES;
				SDKROOT = macosx;
			};
			name = Debug;
		};
		762D84D015CC1AF100FAF876 /* Release */ = {
			isa = XCBuildConfiguration;
			buildSettings = {
				ALWAYS_SEARCH_USER_PATHS = NO;
				ARCHS = "$(ARCHS_STANDARD_64_BIT)";
				CLANG_CXX_LANGUAGE_STANDARD = "gnu++0x";
				CLANG_CXX_LIBRARY = "libc++";
				CLANG_WARN__DUPLICATE_METHOD_MATCH = YES;
				COPY_PHASE_STRIP = YES;
				DEBUG_INFORMATION_FORMAT = "dwarf-with-dsym";
				GCC_C_LANGUAGE_STANDARD = gnu99;
				GCC_ENABLE_OBJC_EXCEPTIONS = YES;
				GCC_VERSION = com.apple.compilers.llvm.clang.1_0;
				GCC_WARN_64_TO_32_BIT_CONVERSION = YES;
				GCC_WARN_ABOUT_RETURN_TYPE = YES;
				GCC_WARN_UNINITIALIZED_AUTOS = YES;
				GCC_WARN_UNUSED_VARIABLE = YES;
				HEADER_SEARCH_PATHS = "/Library/Java/JavaVirtualMachines/1.7.0.jdk/Contents/Home/include/**";
				MACOSX_DEPLOYMENT_TARGET = 10.8;
				SDKROOT = macosx;
			};
			name = Release;
		};
		762D853815CCD89A00FAF876 /* Debug */ = {
			isa = XCBuildConfiguration;
			buildSettings = {
				EXECUTABLE_PREFIX = lib;
				PRODUCT_NAME = "$(TARGET_NAME)";
			};
			name = Debug;
		};
		762D853915CCD89A00FAF876 /* Release */ = {
			isa = XCBuildConfiguration;
			buildSettings = {
				EXECUTABLE_PREFIX = lib;
				PRODUCT_NAME = "$(TARGET_NAME)";
			};
			name = Release;
		};
/* End XCBuildConfiguration section */

/* Begin XCConfigurationList section */
		762D84BE15CC1AF100FAF876 /* Build configuration list for PBXProject "ElectroCraft CPU" */ = {
			isa = XCConfigurationList;
			buildConfigurations = (
				762D84CF15CC1AF100FAF876 /* Debug */,
				762D84D015CC1AF100FAF876 /* Release */,
			);
			defaultConfigurationIsVisible = 0;
			defaultConfigurationName = Release;
		};
		762D853715CCD89A00FAF876 /* Build configuration list for PBXNativeTarget "ElectroCraftCPU" */ = {
			isa = XCConfigurationList;
			buildConfigurations = (
				762D853815CCD89A00FAF876 /* Debug */,
				762D853915CCD89A00FAF876 /* Release */,
			);
			defaultConfigurationIsVisible = 0;
			defaultConfigurationName = Release;
		};
/* End XCConfigurationList section */
	};
	rootObject = 762D84BB15CC1AF100FAF876 /* Project object */;
}
